{
  "name": "nlw-heat-2021",
  "version": "1.0.0",
  "lockfileVersion": 1,
  "requires": true,
  "dependencies": {
    "@prisma/client": {
      "version": "3.2.1",
      "resolved": "https://registry.npmjs.org/@prisma/client/-/client-3.2.1.tgz",
      "integrity": "sha512-nakt9YoDFD4cgTkRTSVbzG40AKmmbVEtXE3csVqBdDXsm0/L4PQdtbtzILNzq28xv8HH8oHgFKWnsItM23mSDw==",
      "requires": {
        "@prisma/engines-version": "3.2.1-1.b71d8cb16c4ddc7e3e9821f42fd09b0f82d7934c"
      }
    },
    "@prisma/engines-version": {
      "version": "3.2.1-1.b71d8cb16c4ddc7e3e9821f42fd09b0f82d7934c",
      "resolved": "https://registry.npmjs.org/@prisma/engines-version/-/engines-version-3.2.1-1.b71d8cb16c4ddc7e3e9821f42fd09b0f82d7934c.tgz",
      "integrity": "sha512-O4dHSbqfX7yAjFMawIEzv6wefv3LRMDK4J20Y70NvE3otbE3CnChlmghkCvMsQ1CGF1QuGlrqfw20aI2JfZcaw=="
    }
  }
}
